
Microsoft Visual Studio Solution File, Format Version 12.00
# Visual Studio Version 16
VisualStudioVersion = 16.0.30717.126
MinimumVisualStudioVersion = 10.0.40219.1
Project("{FAE04EC0-301F-11D3-BF4B-00C04F79EFBC}") = "ObjectComparer", "ObjectComparer.csproj", "{B4818418-724B-4B1D-8CC9-6C05B308F92C}"
EndProject
Project("{FAE04EC0-301F-11D3-BF4B-00C04F79EFBC}") = "ObjectComparerTest", "..\ObjectComparerTest\ObjectComparerTest.csproj", "{CC377B6A-B86B-4084-A835-F884808F3321}"
EndProject
Global
	GlobalSection(SolutionConfigurationPlatforms) = preSolution
		Debug|Any CPU = Debug|Any CPU
		Release|Any CPU = Release|Any CPU
	EndGlobalSection
	GlobalSection(ProjectConfigurationPlatforms) = postSolution
		{B4818418-724B-4B1D-8CC9-6C05B308F92C}.Debug|Any CPU.ActiveCfg = Debug|Any CPU
		{B4818418-724B-4B1D-8CC9-6C05B308F92C}.Debug|Any CPU.Build.0 = Debug|Any CPU
		{B4818418-724B-4B1D-8CC9-6C05B308F92C}.Release|Any CPU.ActiveCfg = Release|Any CPU
		{B4818418-724B-4B1D-8CC9-6C05B308F92C}.Release|Any CPU.Build.0 = Release|Any CPU
		{CC377B6A-B86B-4084-A835-F884808F3321}.Debug|Any CPU.ActiveCfg = Debug|Any CPU
		{CC377B6A-B86B-4084-A835-F884808F3321}.Debug|Any CPU.Build.0 = Debug|Any CPU
		{CC377B6A-B86B-4084-A835-F884808F3321}.Release|Any CPU.ActiveCfg = Release|Any CPU
		{CC377B6A-B86B-4084-A835-F884808F3321}.Release|Any CPU.Build.0 = Release|Any CPU
	EndGlobalSection
	GlobalSection(SolutionProperties) = preSolution
		HideSolutionNode = FALSE
	EndGlobalSection
	GlobalSection(ExtensibilityGlobals) = postSolution
		SolutionGuid = {095B06DC-40B5-4B18-9E15-713E3482AEE4}
	EndGlobalSection
EndGlobal
